
Microsoft Visual Studio Solution File, Format Version 12.00
# Visual Studio Version 17
VisualStudioVersion = 17.8.34330.188
MinimumVisualStudioVersion = 10.0.40219.1
Project("{9A19103F-16F7-4668-BE54-9A1E7A4F7556}") = "Juoksulaskuri.Core", "..\Juoksulaskuri.Core\Juoksulaskuri.Core.csproj", "{23AE682D-2006-4AC9-BF79-A9E4792C6D43}"
EndProject
Project("{2150E333-8FDC-42A3-9474-1A3956D46DE8}") = "Solution Items", "Solution Items", "{6B27258E-C3AA-4EC2-A126-A7A6A6B6057A}"
	ProjectSection(SolutionItems) = preProject
		Deployment.txt = Deployment.txt
	EndProjectSection
EndProject
Project("{FAE04EC0-301F-11D3-BF4B-00C04F79EFBC}") = "WebUI", "..\UI\WebUI\WebUI.csproj", "{C3F2D757-54D2-4C50-A0F4-73BDA7224FDA}"
EndProject
Global
	GlobalSection(SolutionConfigurationPlatforms) = preSolution
		Debug|Any CPU = Debug|Any CPU
		Release|Any CPU = Release|Any CPU
	EndGlobalSection
	GlobalSection(ProjectConfigurationPlatforms) = postSolution
		{23AE682D-2006-4AC9-BF79-A9E4792C6D43}.Debug|Any CPU.ActiveCfg = Debug|Any CPU
		{23AE682D-2006-4AC9-BF79-A9E4792C6D43}.Debug|Any CPU.Build.0 = Debug|Any CPU
		{23AE682D-2006-4AC9-BF79-A9E4792C6D43}.Release|Any CPU.ActiveCfg = Release|Any CPU
		{23AE682D-2006-4AC9-BF79-A9E4792C6D43}.Release|Any CPU.Build.0 = Release|Any CPU
		{C3F2D757-54D2-4C50-A0F4-73BDA7224FDA}.Debug|Any CPU.ActiveCfg = Debug|Any CPU
		{C3F2D757-54D2-4C50-A0F4-73BDA7224FDA}.Debug|Any CPU.Build.0 = Debug|Any CPU
		{C3F2D757-54D2-4C50-A0F4-73BDA7224FDA}.Release|Any CPU.ActiveCfg = Release|Any CPU
		{C3F2D757-54D2-4C50-A0F4-73BDA7224FDA}.Release|Any CPU.Build.0 = Release|Any CPU
	EndGlobalSection
	GlobalSection(SolutionProperties) = preSolution
		HideSolutionNode = FALSE
	EndGlobalSection
	GlobalSection(ExtensibilityGlobals) = postSolution
		SolutionGuid = {17BDEDED-5E71-46E2-B52E-0E5999AF01FE}
	EndGlobalSection
EndGlobal
